{
  "object": {
    "pins": [
      {
        "package": "Pathos",
        "repositoryURL": "https://github.com/dduan/Pathos.git",
        "state": {
          "branch": null,
          "revision": "72e74fa8bf504427d0534d104fe38ccf8855e247",
          "version": "0.2.1"
        }
      }
    ]
  },
  "version": 1
}
